
Microsoft Visual Studio Solution File, Format Version 12.00
# Visual Studio Version 17
VisualStudioVersion = 17.7.34024.191
MinimumVisualStudioVersion = 10.0.40219.1
Project("{FAE04EC0-301F-11D3-BF4B-00C04F79EFBC}") = "fibonachos", "fibonachos\fibonachos.csproj", "{634CADD6-93C8-425E-B146-23F500BB1C85}"
EndProject
Global
	GlobalSection(SolutionConfigurationPlatforms) = preSolution
		Debug|Any CPU = Debug|Any CPU
		Release|Any CPU = Release|Any CPU
	EndGlobalSection
	GlobalSection(ProjectConfigurationPlatforms) = postSolution
		{634CADD6-93C8-425E-B146-23F500BB1C85}.Debug|Any CPU.ActiveCfg = Debug|Any CPU
		{634CADD6-93C8-425E-B146-23F500BB1C85}.Debug|Any CPU.Build.0 = Debug|Any CPU
		{634CADD6-93C8-425E-B146-23F500BB1C85}.Release|Any CPU.ActiveCfg = Release|Any CPU
		{634CADD6-93C8-425E-B146-23F500BB1C85}.Release|Any CPU.Build.0 = Release|Any CPU
	EndGlobalSection
	GlobalSection(SolutionProperties) = preSolution
		HideSolutionNode = FALSE
	EndGlobalSection
	GlobalSection(ExtensibilityGlobals) = postSolution
		SolutionGuid = {E21BE714-DDC7-42F4-81F4-FDEC160ED513}
	EndGlobalSection
EndGlobal
