
Microsoft Visual Studio Solution File, Format Version 12.00
# Visual Studio Version 17
VisualStudioVersion = 17.7.34024.191
MinimumVisualStudioVersion = 10.0.40219.1
Project("{FAE04EC0-301F-11D3-BF4B-00C04F79EFBC}") = "Prvyprojekt", "Prvyprojekt.csproj", "{C5D94E84-7B94-46A6-9677-EA81BAD80CE2}"
EndProject
Global
	GlobalSection(SolutionConfigurationPlatforms) = preSolution
		Debug|Any CPU = Debug|Any CPU
		Release|Any CPU = Release|Any CPU
	EndGlobalSection
	GlobalSection(ProjectConfigurationPlatforms) = postSolution
		{C5D94E84-7B94-46A6-9677-EA81BAD80CE2}.Debug|Any CPU.ActiveCfg = Debug|Any CPU
		{C5D94E84-7B94-46A6-9677-EA81BAD80CE2}.Debug|Any CPU.Build.0 = Debug|Any CPU
		{C5D94E84-7B94-46A6-9677-EA81BAD80CE2}.Release|Any CPU.ActiveCfg = Release|Any CPU
		{C5D94E84-7B94-46A6-9677-EA81BAD80CE2}.Release|Any CPU.Build.0 = Release|Any CPU
	EndGlobalSection
	GlobalSection(SolutionProperties) = preSolution
		HideSolutionNode = FALSE
	EndGlobalSection
	GlobalSection(ExtensibilityGlobals) = postSolution
		SolutionGuid = {110C8673-0232-4A5A-AABA-576076255549}
	EndGlobalSection
EndGlobal
