
Microsoft Visual Studio Solution File, Format Version 12.00
# Visual Studio Version 17
VisualStudioVersion = 17.7.34024.191
MinimumVisualStudioVersion = 10.0.40219.1
Project("{FAE04EC0-301F-11D3-BF4B-00C04F79EFBC}") = "KonzoleRPG", "KonzoleRPG\KonzoleRPG.csproj", "{45BA10EF-831B-495F-AE63-BE5C32793E98}"
EndProject
Global
	GlobalSection(SolutionConfigurationPlatforms) = preSolution
		Debug|Any CPU = Debug|Any CPU
		Release|Any CPU = Release|Any CPU
	EndGlobalSection
	GlobalSection(ProjectConfigurationPlatforms) = postSolution
		{45BA10EF-831B-495F-AE63-BE5C32793E98}.Debug|Any CPU.ActiveCfg = Debug|Any CPU
		{45BA10EF-831B-495F-AE63-BE5C32793E98}.Debug|Any CPU.Build.0 = Debug|Any CPU
		{45BA10EF-831B-495F-AE63-BE5C32793E98}.Release|Any CPU.ActiveCfg = Release|Any CPU
		{45BA10EF-831B-495F-AE63-BE5C32793E98}.Release|Any CPU.Build.0 = Release|Any CPU
	EndGlobalSection
	GlobalSection(SolutionProperties) = preSolution
		HideSolutionNode = FALSE
	EndGlobalSection
	GlobalSection(ExtensibilityGlobals) = postSolution
		SolutionGuid = {5F0E9CA9-E54F-4295-81B1-998B7C328D4C}
	EndGlobalSection
EndGlobal
