
Microsoft Visual Studio Solution File, Format Version 12.00
# Visual Studio Version 17
VisualStudioVersion = 17.7.34024.191
MinimumVisualStudioVersion = 10.0.40219.1
Project("{FAE04EC0-301F-11D3-BF4B-00C04F79EFBC}") = "26_9", "26_9\26_9.csproj", "{4AACE6C1-7DD1-4D64-BF16-2692FA6F886A}"
EndProject
Global
	GlobalSection(SolutionConfigurationPlatforms) = preSolution
		Debug|Any CPU = Debug|Any CPU
		Release|Any CPU = Release|Any CPU
	EndGlobalSection
	GlobalSection(ProjectConfigurationPlatforms) = postSolution
		{4AACE6C1-7DD1-4D64-BF16-2692FA6F886A}.Debug|Any CPU.ActiveCfg = Debug|Any CPU
		{4AACE6C1-7DD1-4D64-BF16-2692FA6F886A}.Debug|Any CPU.Build.0 = Debug|Any CPU
		{4AACE6C1-7DD1-4D64-BF16-2692FA6F886A}.Release|Any CPU.ActiveCfg = Release|Any CPU
		{4AACE6C1-7DD1-4D64-BF16-2692FA6F886A}.Release|Any CPU.Build.0 = Release|Any CPU
	EndGlobalSection
	GlobalSection(SolutionProperties) = preSolution
		HideSolutionNode = FALSE
	EndGlobalSection
	GlobalSection(ExtensibilityGlobals) = postSolution
		SolutionGuid = {1580CD9B-8D9E-4884-A21B-61245C73757F}
	EndGlobalSection
EndGlobal
