
Microsoft Visual Studio Solution File, Format Version 12.00
# Visual Studio Version 17
VisualStudioVersion = 17.7.34024.191
MinimumVisualStudioVersion = 10.0.40219.1
Project("{FAE04EC0-301F-11D3-BF4B-00C04F79EFBC}") = "cojavimdedicnost", "cojavimdedicnost\cojavimdedicnost.csproj", "{32FD0511-6709-43AE-8C4B-38E796792805}"
EndProject
Global
	GlobalSection(SolutionConfigurationPlatforms) = preSolution
		Debug|Any CPU = Debug|Any CPU
		Release|Any CPU = Release|Any CPU
	EndGlobalSection
	GlobalSection(ProjectConfigurationPlatforms) = postSolution
		{32FD0511-6709-43AE-8C4B-38E796792805}.Debug|Any CPU.ActiveCfg = Debug|Any CPU
		{32FD0511-6709-43AE-8C4B-38E796792805}.Debug|Any CPU.Build.0 = Debug|Any CPU
		{32FD0511-6709-43AE-8C4B-38E796792805}.Release|Any CPU.ActiveCfg = Release|Any CPU
		{32FD0511-6709-43AE-8C4B-38E796792805}.Release|Any CPU.Build.0 = Release|Any CPU
	EndGlobalSection
	GlobalSection(SolutionProperties) = preSolution
		HideSolutionNode = FALSE
	EndGlobalSection
	GlobalSection(ExtensibilityGlobals) = postSolution
		SolutionGuid = {5C0A5268-3CB2-4C0B-A0D5-31D7FA4AABCF}
	EndGlobalSection
EndGlobal
