
Microsoft Visual Studio Solution File, Format Version 12.00
# Visual Studio Version 17
VisualStudioVersion = 17.7.34024.191
MinimumVisualStudioVersion = 10.0.40219.1
Project("{FAE04EC0-301F-11D3-BF4B-00C04F79EFBC}") = "Pole_17_10", "Pole_17_10\Pole_17_10.csproj", "{737004A0-1153-42E4-831E-BBAA60BC5553}"
EndProject
Global
	GlobalSection(SolutionConfigurationPlatforms) = preSolution
		Debug|Any CPU = Debug|Any CPU
		Release|Any CPU = Release|Any CPU
	EndGlobalSection
	GlobalSection(ProjectConfigurationPlatforms) = postSolution
		{737004A0-1153-42E4-831E-BBAA60BC5553}.Debug|Any CPU.ActiveCfg = Debug|Any CPU
		{737004A0-1153-42E4-831E-BBAA60BC5553}.Debug|Any CPU.Build.0 = Debug|Any CPU
		{737004A0-1153-42E4-831E-BBAA60BC5553}.Release|Any CPU.ActiveCfg = Release|Any CPU
		{737004A0-1153-42E4-831E-BBAA60BC5553}.Release|Any CPU.Build.0 = Release|Any CPU
	EndGlobalSection
	GlobalSection(SolutionProperties) = preSolution
		HideSolutionNode = FALSE
	EndGlobalSection
	GlobalSection(ExtensibilityGlobals) = postSolution
		SolutionGuid = {3520874A-994D-4790-BF9C-AD2F452052E7}
	EndGlobalSection
EndGlobal
